
Microsoft Visual Studio Solution File, Format Version 12.00
# Visual Studio Version 16
VisualStudioVersion = 16.0.29911.84
MinimumVisualStudioVersion = 10.0.40219.1
Project("{FAE04EC0-301F-11D3-BF4B-00C04F79EFBC}") = "URI", "URI.csproj", "{A8F966E5-E1FB-46C0-BFC5-234323B9ED11}"
EndProject
Global
	GlobalSection(SolutionConfigurationPlatforms) = preSolution
		Debug|Any CPU = Debug|Any CPU
		Release|Any CPU = Release|Any CPU
	EndGlobalSection
	GlobalSection(ProjectConfigurationPlatforms) = postSolution
		{A8F966E5-E1FB-46C0-BFC5-234323B9ED11}.Debug|Any CPU.ActiveCfg = Debug|Any CPU
		{A8F966E5-E1FB-46C0-BFC5-234323B9ED11}.Debug|Any CPU.Build.0 = Debug|Any CPU
		{A8F966E5-E1FB-46C0-BFC5-234323B9ED11}.Release|Any CPU.ActiveCfg = Release|Any CPU
		{A8F966E5-E1FB-46C0-BFC5-234323B9ED11}.Release|Any CPU.Build.0 = Release|Any CPU
	EndGlobalSection
	GlobalSection(SolutionProperties) = preSolution
		HideSolutionNode = FALSE
	EndGlobalSection
	GlobalSection(ExtensibilityGlobals) = postSolution
		SolutionGuid = {FBF4D607-8E73-4930-9642-F6049DD13B5B}
	EndGlobalSection
EndGlobal
