
Microsoft Visual Studio Solution File, Format Version 12.00
# Visual Studio Version 16
VisualStudioVersion = 16.0.29911.84
MinimumVisualStudioVersion = 10.0.40219.1
Project("{FAE04EC0-301F-11D3-BF4B-00C04F79EFBC}") = "Exercicios_Propostos_PARTE_1", "Exercicios_Propostos_PARTE_1.csproj", "{1D58D9B7-03EA-4077-BF40-AE1FE0519055}"
EndProject
Project("{2150E333-8FDC-42A3-9474-1A3956D46DE8}") = "Área do círculo", "Área do círculo", "{607F5A79-7960-42F6-BB13-A9227BA47F43}"
EndProject
Project("{FAE04EC0-301F-11D3-BF4B-00C04F79EFBC}") = "Soma_Simples", "..\Soma_Simples\Soma_Simples.csproj", "{C8AD6E1A-128D-4DEE-9991-D5E8630D5DDA}"
EndProject
Project("{2150E333-8FDC-42A3-9474-1A3956D46DE8}") = "Soma Simples", "Soma Simples", "{C9D383FF-1FC6-4DA7-99F2-7302DE225B95}"
EndProject
Project("{FAE04EC0-301F-11D3-BF4B-00C04F79EFBC}") = "Produto_Simples", "..\Produto_Simples\Produto_Simples.csproj", "{C39BAD37-07FD-4B1B-919C-54D7E3F4EF00}"
EndProject
Project("{2150E333-8FDC-42A3-9474-1A3956D46DE8}") = "Produto Simples", "Produto Simples", "{2821F15E-464A-4700-85BF-CCBFA582FA30}"
EndProject
Project("{FAE04EC0-301F-11D3-BF4B-00C04F79EFBC}") = "Razoavel1", "..\Razoavel1\Razoavel1.csproj", "{F64E4E90-53D0-4A62-B740-2E7B4435CB75}"
EndProject
Project("{2150E333-8FDC-42A3-9474-1A3956D46DE8}") = "Razoável 1", "Razoável 1", "{593F72A8-F180-44E5-A8C8-CEA918E86008}"
EndProject
Project("{FAE04EC0-301F-11D3-BF4B-00C04F79EFBC}") = "Razoavel2", "..\Razoavel2\Razoavel2.csproj", "{DB1D75F3-3443-47AC-9842-735E2FCD2563}"
EndProject
Project("{2150E333-8FDC-42A3-9474-1A3956D46DE8}") = "Razoável 2", "Razoável 2", "{263C3115-2E69-4A94-8788-9F45DF36A156}"
EndProject
Project("{FAE04EC0-301F-11D3-BF4B-00C04F79EFBC}") = "Diferenca", "..\Diferenca\Diferenca.csproj", "{423D1D32-C833-44E9-97AE-166892811AFF}"
EndProject
Project("{2150E333-8FDC-42A3-9474-1A3956D46DE8}") = "Diferença", "Diferença", "{57CCFAD4-62AE-4582-B18E-950CFEA9440F}"
EndProject
Project("{FAE04EC0-301F-11D3-BF4B-00C04F79EFBC}") = "Salario", "..\Salario\Salario.csproj", "{AD52B0E8-BA39-4F03-901B-BBA9C45385CE}"
EndProject
Project("{2150E333-8FDC-42A3-9474-1A3956D46DE8}") = "Sálario", "Sálario", "{E703333C-4F2C-49D1-9DBB-CE381FFFDDE5}"
EndProject
Project("{FAE04EC0-301F-11D3-BF4B-00C04F79EFBC}") = "Calcular__Simples", "..\Calcular__Simples\Calcular__Simples.csproj", "{0EEB335B-E8D0-49D4-ABCF-7B596817F7D2}"
EndProject
Project("{2150E333-8FDC-42A3-9474-1A3956D46DE8}") = "Calcular Simples", "Calcular Simples", "{6959EC9B-4C19-49FF-88CF-DA914CA0C2EA}"
EndProject
Project("{FAE04EC0-301F-11D3-BF4B-00C04F79EFBC}") = "Consumo", "..\Consumo\Consumo.csproj", "{FB1293A9-3333-4CED-87E7-B30566BD5DF4}"
EndProject
Project("{2150E333-8FDC-42A3-9474-1A3956D46DE8}") = "CONSUMO", "CONSUMO", "{B337742A-B241-41AD-A75D-9D743457B905}"
EndProject
Project("{FAE04EC0-301F-11D3-BF4B-00C04F79EFBC}") = "Distancia", "..\Distancia\Distancia.csproj", "{E854597D-EB67-43D9-9AFB-783A8257E46A}"
EndProject
Project("{2150E333-8FDC-42A3-9474-1A3956D46DE8}") = "Distância", "Distância", "{367934F7-AD65-402F-A70B-45FECC97B0EF}"
EndProject
Project("{FAE04EC0-301F-11D3-BF4B-00C04F79EFBC}") = "Combustivel_Gasto", "..\Combustivel_Gasto\Combustivel_Gasto.csproj", "{4D1B8D12-F52F-43DF-8666-AD970D1C8863}"
EndProject
Project("{2150E333-8FDC-42A3-9474-1A3956D46DE8}") = "Combustível Gasto", "Combustível Gasto", "{D2BB5207-6971-46CE-B40C-36D053A8C07D}"
EndProject
Global
	GlobalSection(SolutionConfigurationPlatforms) = preSolution
		Debug|Any CPU = Debug|Any CPU
		Release|Any CPU = Release|Any CPU
	EndGlobalSection
	GlobalSection(ProjectConfigurationPlatforms) = postSolution
		{1D58D9B7-03EA-4077-BF40-AE1FE0519055}.Debug|Any CPU.ActiveCfg = Debug|Any CPU
		{1D58D9B7-03EA-4077-BF40-AE1FE0519055}.Debug|Any CPU.Build.0 = Debug|Any CPU
		{1D58D9B7-03EA-4077-BF40-AE1FE0519055}.Release|Any CPU.ActiveCfg = Release|Any CPU
		{1D58D9B7-03EA-4077-BF40-AE1FE0519055}.Release|Any CPU.Build.0 = Release|Any CPU
		{C8AD6E1A-128D-4DEE-9991-D5E8630D5DDA}.Debug|Any CPU.ActiveCfg = Debug|Any CPU
		{C8AD6E1A-128D-4DEE-9991-D5E8630D5DDA}.Debug|Any CPU.Build.0 = Debug|Any CPU
		{C8AD6E1A-128D-4DEE-9991-D5E8630D5DDA}.Release|Any CPU.ActiveCfg = Release|Any CPU
		{C8AD6E1A-128D-4DEE-9991-D5E8630D5DDA}.Release|Any CPU.Build.0 = Release|Any CPU
		{C39BAD37-07FD-4B1B-919C-54D7E3F4EF00}.Debug|Any CPU.ActiveCfg = Debug|Any CPU
		{C39BAD37-07FD-4B1B-919C-54D7E3F4EF00}.Debug|Any CPU.Build.0 = Debug|Any CPU
		{C39BAD37-07FD-4B1B-919C-54D7E3F4EF00}.Release|Any CPU.ActiveCfg = Release|Any CPU
		{C39BAD37-07FD-4B1B-919C-54D7E3F4EF00}.Release|Any CPU.Build.0 = Release|Any CPU
		{F64E4E90-53D0-4A62-B740-2E7B4435CB75}.Debug|Any CPU.ActiveCfg = Debug|Any CPU
		{F64E4E90-53D0-4A62-B740-2E7B4435CB75}.Debug|Any CPU.Build.0 = Debug|Any CPU
		{F64E4E90-53D0-4A62-B740-2E7B4435CB75}.Release|Any CPU.ActiveCfg = Release|Any CPU
		{F64E4E90-53D0-4A62-B740-2E7B4435CB75}.Release|Any CPU.Build.0 = Release|Any CPU
		{DB1D75F3-3443-47AC-9842-735E2FCD2563}.Debug|Any CPU.ActiveCfg = Debug|Any CPU
		{DB1D75F3-3443-47AC-9842-735E2FCD2563}.Debug|Any CPU.Build.0 = Debug|Any CPU
		{DB1D75F3-3443-47AC-9842-735E2FCD2563}.Release|Any CPU.ActiveCfg = Release|Any CPU
		{DB1D75F3-3443-47AC-9842-735E2FCD2563}.Release|Any CPU.Build.0 = Release|Any CPU
		{423D1D32-C833-44E9-97AE-166892811AFF}.Debug|Any CPU.ActiveCfg = Debug|Any CPU
		{423D1D32-C833-44E9-97AE-166892811AFF}.Debug|Any CPU.Build.0 = Debug|Any CPU
		{423D1D32-C833-44E9-97AE-166892811AFF}.Release|Any CPU.ActiveCfg = Release|Any CPU
		{423D1D32-C833-44E9-97AE-166892811AFF}.Release|Any CPU.Build.0 = Release|Any CPU
		{AD52B0E8-BA39-4F03-901B-BBA9C45385CE}.Debug|Any CPU.ActiveCfg = Debug|Any CPU
		{AD52B0E8-BA39-4F03-901B-BBA9C45385CE}.Debug|Any CPU.Build.0 = Debug|Any CPU
		{AD52B0E8-BA39-4F03-901B-BBA9C45385CE}.Release|Any CPU.ActiveCfg = Release|Any CPU
		{AD52B0E8-BA39-4F03-901B-BBA9C45385CE}.Release|Any CPU.Build.0 = Release|Any CPU
		{0EEB335B-E8D0-49D4-ABCF-7B596817F7D2}.Debug|Any CPU.ActiveCfg = Debug|Any CPU
		{0EEB335B-E8D0-49D4-ABCF-7B596817F7D2}.Debug|Any CPU.Build.0 = Debug|Any CPU
		{0EEB335B-E8D0-49D4-ABCF-7B596817F7D2}.Release|Any CPU.ActiveCfg = Release|Any CPU
		{0EEB335B-E8D0-49D4-ABCF-7B596817F7D2}.Release|Any CPU.Build.0 = Release|Any CPU
		{FB1293A9-3333-4CED-87E7-B30566BD5DF4}.Debug|Any CPU.ActiveCfg = Debug|Any CPU
		{FB1293A9-3333-4CED-87E7-B30566BD5DF4}.Debug|Any CPU.Build.0 = Debug|Any CPU
		{FB1293A9-3333-4CED-87E7-B30566BD5DF4}.Release|Any CPU.ActiveCfg = Release|Any CPU
		{FB1293A9-3333-4CED-87E7-B30566BD5DF4}.Release|Any CPU.Build.0 = Release|Any CPU
		{E854597D-EB67-43D9-9AFB-783A8257E46A}.Debug|Any CPU.ActiveCfg = Debug|Any CPU
		{E854597D-EB67-43D9-9AFB-783A8257E46A}.Debug|Any CPU.Build.0 = Debug|Any CPU
		{E854597D-EB67-43D9-9AFB-783A8257E46A}.Release|Any CPU.ActiveCfg = Release|Any CPU
		{E854597D-EB67-43D9-9AFB-783A8257E46A}.Release|Any CPU.Build.0 = Release|Any CPU
		{4D1B8D12-F52F-43DF-8666-AD970D1C8863}.Debug|Any CPU.ActiveCfg = Debug|Any CPU
		{4D1B8D12-F52F-43DF-8666-AD970D1C8863}.Debug|Any CPU.Build.0 = Debug|Any CPU
		{4D1B8D12-F52F-43DF-8666-AD970D1C8863}.Release|Any CPU.ActiveCfg = Release|Any CPU
		{4D1B8D12-F52F-43DF-8666-AD970D1C8863}.Release|Any CPU.Build.0 = Release|Any CPU
	EndGlobalSection
	GlobalSection(SolutionProperties) = preSolution
		HideSolutionNode = FALSE
	EndGlobalSection
	GlobalSection(NestedProjects) = preSolution
		{1D58D9B7-03EA-4077-BF40-AE1FE0519055} = {607F5A79-7960-42F6-BB13-A9227BA47F43}
		{C8AD6E1A-128D-4DEE-9991-D5E8630D5DDA} = {C9D383FF-1FC6-4DA7-99F2-7302DE225B95}
		{C39BAD37-07FD-4B1B-919C-54D7E3F4EF00} = {2821F15E-464A-4700-85BF-CCBFA582FA30}
		{F64E4E90-53D0-4A62-B740-2E7B4435CB75} = {593F72A8-F180-44E5-A8C8-CEA918E86008}
		{DB1D75F3-3443-47AC-9842-735E2FCD2563} = {263C3115-2E69-4A94-8788-9F45DF36A156}
		{423D1D32-C833-44E9-97AE-166892811AFF} = {57CCFAD4-62AE-4582-B18E-950CFEA9440F}
		{AD52B0E8-BA39-4F03-901B-BBA9C45385CE} = {E703333C-4F2C-49D1-9DBB-CE381FFFDDE5}
		{0EEB335B-E8D0-49D4-ABCF-7B596817F7D2} = {6959EC9B-4C19-49FF-88CF-DA914CA0C2EA}
		{FB1293A9-3333-4CED-87E7-B30566BD5DF4} = {B337742A-B241-41AD-A75D-9D743457B905}
		{E854597D-EB67-43D9-9AFB-783A8257E46A} = {367934F7-AD65-402F-A70B-45FECC97B0EF}
		{4D1B8D12-F52F-43DF-8666-AD970D1C8863} = {D2BB5207-6971-46CE-B40C-36D053A8C07D}
	EndGlobalSection
	GlobalSection(ExtensibilityGlobals) = postSolution
		SolutionGuid = {932F8A96-0A2C-442D-A80A-B851283133FE}
	EndGlobalSection
EndGlobal
