
Microsoft Visual Studio Solution File, Format Version 12.00
# Visual Studio Version 16
VisualStudioVersion = 16.0.29926.136
MinimumVisualStudioVersion = 10.0.40219.1
Project("{FAE04EC0-301F-11D3-BF4B-00C04F79EFBC}") = "Impar", "Impar.csproj", "{7C7FEB00-F7EE-4DB8-84AB-249151815121}"
EndProject
Project("{2150E333-8FDC-42A3-9474-1A3956D46DE8}") = "Números ímpares", "Números ímpares", "{041FC8D1-91DF-43B6-AC8C-82EF01983C78}"
EndProject
Project("{FAE04EC0-301F-11D3-BF4B-00C04F79EFBC}") = "Intervalo", "..\Intervalo\Intervalo.csproj", "{C9D3AF28-D5EB-4F79-8278-53808A4D6DBF}"
EndProject
Project("{2150E333-8FDC-42A3-9474-1A3956D46DE8}") = "Intervalo 2", "Intervalo 2", "{09BFC6F0-344B-47D2-B6F0-A0E54A984861}"
EndProject
Project("{FAE04EC0-301F-11D3-BF4B-00C04F79EFBC}") = "Even_Square", "..\Even_Square\Even_Square.csproj", "{C1631E87-7631-4B7C-B3AB-4D73E9CDC1E2}"
EndProject
Project("{2150E333-8FDC-42A3-9474-1A3956D46DE8}") = "Even Square", "Even Square", "{D0F60061-FB9A-4701-80F9-EB8E73C43999}"
EndProject
Project("{FAE04EC0-301F-11D3-BF4B-00C04F79EFBC}") = "Par_impar", "..\Par_impar\Par_impar.csproj", "{C05BC0E5-4F9E-4C4A-8C97-817D6D0AD2B9}"
EndProject
Project("{2150E333-8FDC-42A3-9474-1A3956D46DE8}") = "Par ou ímpar", "Par ou ímpar", "{71071957-F9C6-4BB1-AEA3-90C475B95337}"
EndProject
Project("{FAE04EC0-301F-11D3-BF4B-00C04F79EFBC}") = "Restantes_2", "..\Restantes_2\Restantes_2.csproj", "{B3234BB6-A0DD-4716-96CD-13DF8A15D0F5}"
EndProject
Project("{2150E333-8FDC-42A3-9474-1A3956D46DE8}") = "Restantes 2", "Restantes 2", "{88D6E161-AB2B-422B-A849-8950107BFBF9}"
EndProject
Project("{FAE04EC0-301F-11D3-BF4B-00C04F79EFBC}") = "Media_Ponderada", "..\Media_Ponderada\Media_Ponderada.csproj", "{758EC5D3-E2D6-49B6-A0C7-B8A52109E77E}"
EndProject
Project("{2150E333-8FDC-42A3-9474-1A3956D46DE8}") = "Médias Ponderadas", "Médias Ponderadas", "{DE2116CA-E328-4414-AD50-71D22885B660}"
EndProject
Project("{FAE04EC0-301F-11D3-BF4B-00C04F79EFBC}") = "Sequencia_IJ_2", "..\Sequencia_IJ_2\Sequencia_IJ_2.csproj", "{44F6DB9C-D30B-4EBD-BF06-E4577798AE90}"
EndProject
Project("{2150E333-8FDC-42A3-9474-1A3956D46DE8}") = "Sequência IJ 2", "Sequência IJ 2", "{209AE2E4-861C-4AAC-B89B-F57C9C008465}"
EndProject
Project("{FAE04EC0-301F-11D3-BF4B-00C04F79EFBC}") = "Experiencia", "..\Experiencia\Experiencia.csproj", "{1CC20EA3-041B-42F1-9C0D-B384BA3D4807}"
EndProject
Project("{2150E333-8FDC-42A3-9474-1A3956D46DE8}") = "Experiências", "Experiências", "{7D21DA20-86CD-41E0-A4F5-B4D7AA10463C}"
EndProject
Project("{FAE04EC0-301F-11D3-BF4B-00C04F79EFBC}") = "Numeros_Soma", "..\Numeros_Soma\Numeros_Soma.csproj", "{E0CAB736-F05F-40DC-8CE7-61DAB74AAD0C}"
EndProject
Project("{2150E333-8FDC-42A3-9474-1A3956D46DE8}") = "Sequência de números e soma", "Sequência de números e soma", "{B8C7D603-2991-46FB-AAB3-FEB6D5F60AAF}"
EndProject
Project("{FAE04EC0-301F-11D3-BF4B-00C04F79EFBC}") = "Superior_Z", "..\Superior_Z\Superior_Z.csproj", "{A47B6A16-1B01-44A0-8043-1F3B24B9A9A8}"
EndProject
Project("{2150E333-8FDC-42A3-9474-1A3956D46DE8}") = "Superior a Z", "Superior a Z", "{A23E7D06-7ACA-4C13-939A-C703120E5301}"
EndProject
Project("{FAE04EC0-301F-11D3-BF4B-00C04F79EFBC}") = "Primos", "..\Primos\Primos.csproj", "{3FD4A11E-4C60-4D8C-B1ED-B6847FC91CDC}"
EndProject
Project("{2150E333-8FDC-42A3-9474-1A3956D46DE8}") = "Números Primos", "Números Primos", "{B6BD7E83-8E12-4934-84B1-1CCCFC1972A2}"
EndProject
Project("{FAE04EC0-301F-11D3-BF4B-00C04F79EFBC}") = "Soma_Impares", "..\Soma_Impares\Soma_Impares.csproj", "{922E0BDA-79A1-4793-863F-366E7550BB2C}"
EndProject
Project("{2150E333-8FDC-42A3-9474-1A3956D46DE8}") = "Soma dos números ímpares consecutivos II", "Soma dos números ímpares consecutivos II", "{54756C21-B2D1-49E4-B22C-B3DA2039CF4C}"
EndProject
Global
	GlobalSection(SolutionConfigurationPlatforms) = preSolution
		Debug|Any CPU = Debug|Any CPU
		Release|Any CPU = Release|Any CPU
	EndGlobalSection
	GlobalSection(ProjectConfigurationPlatforms) = postSolution
		{7C7FEB00-F7EE-4DB8-84AB-249151815121}.Debug|Any CPU.ActiveCfg = Debug|Any CPU
		{7C7FEB00-F7EE-4DB8-84AB-249151815121}.Debug|Any CPU.Build.0 = Debug|Any CPU
		{7C7FEB00-F7EE-4DB8-84AB-249151815121}.Release|Any CPU.ActiveCfg = Release|Any CPU
		{7C7FEB00-F7EE-4DB8-84AB-249151815121}.Release|Any CPU.Build.0 = Release|Any CPU
		{C9D3AF28-D5EB-4F79-8278-53808A4D6DBF}.Debug|Any CPU.ActiveCfg = Debug|Any CPU
		{C9D3AF28-D5EB-4F79-8278-53808A4D6DBF}.Debug|Any CPU.Build.0 = Debug|Any CPU
		{C9D3AF28-D5EB-4F79-8278-53808A4D6DBF}.Release|Any CPU.ActiveCfg = Release|Any CPU
		{C9D3AF28-D5EB-4F79-8278-53808A4D6DBF}.Release|Any CPU.Build.0 = Release|Any CPU
		{C1631E87-7631-4B7C-B3AB-4D73E9CDC1E2}.Debug|Any CPU.ActiveCfg = Debug|Any CPU
		{C1631E87-7631-4B7C-B3AB-4D73E9CDC1E2}.Debug|Any CPU.Build.0 = Debug|Any CPU
		{C1631E87-7631-4B7C-B3AB-4D73E9CDC1E2}.Release|Any CPU.ActiveCfg = Release|Any CPU
		{C1631E87-7631-4B7C-B3AB-4D73E9CDC1E2}.Release|Any CPU.Build.0 = Release|Any CPU
		{C05BC0E5-4F9E-4C4A-8C97-817D6D0AD2B9}.Debug|Any CPU.ActiveCfg = Debug|Any CPU
		{C05BC0E5-4F9E-4C4A-8C97-817D6D0AD2B9}.Debug|Any CPU.Build.0 = Debug|Any CPU
		{C05BC0E5-4F9E-4C4A-8C97-817D6D0AD2B9}.Release|Any CPU.ActiveCfg = Release|Any CPU
		{C05BC0E5-4F9E-4C4A-8C97-817D6D0AD2B9}.Release|Any CPU.Build.0 = Release|Any CPU
		{B3234BB6-A0DD-4716-96CD-13DF8A15D0F5}.Debug|Any CPU.ActiveCfg = Debug|Any CPU
		{B3234BB6-A0DD-4716-96CD-13DF8A15D0F5}.Debug|Any CPU.Build.0 = Debug|Any CPU
		{B3234BB6-A0DD-4716-96CD-13DF8A15D0F5}.Release|Any CPU.ActiveCfg = Release|Any CPU
		{B3234BB6-A0DD-4716-96CD-13DF8A15D0F5}.Release|Any CPU.Build.0 = Release|Any CPU
		{758EC5D3-E2D6-49B6-A0C7-B8A52109E77E}.Debug|Any CPU.ActiveCfg = Debug|Any CPU
		{758EC5D3-E2D6-49B6-A0C7-B8A52109E77E}.Debug|Any CPU.Build.0 = Debug|Any CPU
		{758EC5D3-E2D6-49B6-A0C7-B8A52109E77E}.Release|Any CPU.ActiveCfg = Release|Any CPU
		{758EC5D3-E2D6-49B6-A0C7-B8A52109E77E}.Release|Any CPU.Build.0 = Release|Any CPU
		{44F6DB9C-D30B-4EBD-BF06-E4577798AE90}.Debug|Any CPU.ActiveCfg = Debug|Any CPU
		{44F6DB9C-D30B-4EBD-BF06-E4577798AE90}.Debug|Any CPU.Build.0 = Debug|Any CPU
		{44F6DB9C-D30B-4EBD-BF06-E4577798AE90}.Release|Any CPU.ActiveCfg = Release|Any CPU
		{44F6DB9C-D30B-4EBD-BF06-E4577798AE90}.Release|Any CPU.Build.0 = Release|Any CPU
		{1CC20EA3-041B-42F1-9C0D-B384BA3D4807}.Debug|Any CPU.ActiveCfg = Debug|Any CPU
		{1CC20EA3-041B-42F1-9C0D-B384BA3D4807}.Debug|Any CPU.Build.0 = Debug|Any CPU
		{1CC20EA3-041B-42F1-9C0D-B384BA3D4807}.Release|Any CPU.ActiveCfg = Release|Any CPU
		{1CC20EA3-041B-42F1-9C0D-B384BA3D4807}.Release|Any CPU.Build.0 = Release|Any CPU
		{E0CAB736-F05F-40DC-8CE7-61DAB74AAD0C}.Debug|Any CPU.ActiveCfg = Debug|Any CPU
		{E0CAB736-F05F-40DC-8CE7-61DAB74AAD0C}.Debug|Any CPU.Build.0 = Debug|Any CPU
		{E0CAB736-F05F-40DC-8CE7-61DAB74AAD0C}.Release|Any CPU.ActiveCfg = Release|Any CPU
		{E0CAB736-F05F-40DC-8CE7-61DAB74AAD0C}.Release|Any CPU.Build.0 = Release|Any CPU
		{A47B6A16-1B01-44A0-8043-1F3B24B9A9A8}.Debug|Any CPU.ActiveCfg = Debug|Any CPU
		{A47B6A16-1B01-44A0-8043-1F3B24B9A9A8}.Debug|Any CPU.Build.0 = Debug|Any CPU
		{A47B6A16-1B01-44A0-8043-1F3B24B9A9A8}.Release|Any CPU.ActiveCfg = Release|Any CPU
		{A47B6A16-1B01-44A0-8043-1F3B24B9A9A8}.Release|Any CPU.Build.0 = Release|Any CPU
		{3FD4A11E-4C60-4D8C-B1ED-B6847FC91CDC}.Debug|Any CPU.ActiveCfg = Debug|Any CPU
		{3FD4A11E-4C60-4D8C-B1ED-B6847FC91CDC}.Debug|Any CPU.Build.0 = Debug|Any CPU
		{3FD4A11E-4C60-4D8C-B1ED-B6847FC91CDC}.Release|Any CPU.ActiveCfg = Release|Any CPU
		{3FD4A11E-4C60-4D8C-B1ED-B6847FC91CDC}.Release|Any CPU.Build.0 = Release|Any CPU
		{922E0BDA-79A1-4793-863F-366E7550BB2C}.Debug|Any CPU.ActiveCfg = Debug|Any CPU
		{922E0BDA-79A1-4793-863F-366E7550BB2C}.Debug|Any CPU.Build.0 = Debug|Any CPU
		{922E0BDA-79A1-4793-863F-366E7550BB2C}.Release|Any CPU.ActiveCfg = Release|Any CPU
		{922E0BDA-79A1-4793-863F-366E7550BB2C}.Release|Any CPU.Build.0 = Release|Any CPU
	EndGlobalSection
	GlobalSection(SolutionProperties) = preSolution
		HideSolutionNode = FALSE
	EndGlobalSection
	GlobalSection(NestedProjects) = preSolution
		{7C7FEB00-F7EE-4DB8-84AB-249151815121} = {041FC8D1-91DF-43B6-AC8C-82EF01983C78}
		{C9D3AF28-D5EB-4F79-8278-53808A4D6DBF} = {09BFC6F0-344B-47D2-B6F0-A0E54A984861}
		{C1631E87-7631-4B7C-B3AB-4D73E9CDC1E2} = {D0F60061-FB9A-4701-80F9-EB8E73C43999}
		{C05BC0E5-4F9E-4C4A-8C97-817D6D0AD2B9} = {71071957-F9C6-4BB1-AEA3-90C475B95337}
		{B3234BB6-A0DD-4716-96CD-13DF8A15D0F5} = {88D6E161-AB2B-422B-A849-8950107BFBF9}
		{758EC5D3-E2D6-49B6-A0C7-B8A52109E77E} = {DE2116CA-E328-4414-AD50-71D22885B660}
		{44F6DB9C-D30B-4EBD-BF06-E4577798AE90} = {209AE2E4-861C-4AAC-B89B-F57C9C008465}
		{1CC20EA3-041B-42F1-9C0D-B384BA3D4807} = {7D21DA20-86CD-41E0-A4F5-B4D7AA10463C}
		{E0CAB736-F05F-40DC-8CE7-61DAB74AAD0C} = {B8C7D603-2991-46FB-AAB3-FEB6D5F60AAF}
		{A47B6A16-1B01-44A0-8043-1F3B24B9A9A8} = {A23E7D06-7ACA-4C13-939A-C703120E5301}
		{3FD4A11E-4C60-4D8C-B1ED-B6847FC91CDC} = {B6BD7E83-8E12-4934-84B1-1CCCFC1972A2}
		{922E0BDA-79A1-4793-863F-366E7550BB2C} = {54756C21-B2D1-49E4-B22C-B3DA2039CF4C}
	EndGlobalSection
	GlobalSection(ExtensibilityGlobals) = postSolution
		SolutionGuid = {1DE73C38-AF13-412E-9501-D47072171553}
	EndGlobalSection
EndGlobal
