
Microsoft Visual Studio Solution File, Format Version 12.00
# Visual Studio Version 16
VisualStudioVersion = 16.0.30002.166
MinimumVisualStudioVersion = 10.0.40219.1
Project("{FAE04EC0-301F-11D3-BF4B-00C04F79EFBC}") = "Exercicio_Resolvido_2", "Exercicio_Resolvido_2\Exercicio_Resolvido_2.csproj", "{88FC03D4-F496-4E4B-9E1D-6F18B62DC58E}"
EndProject
Global
	GlobalSection(SolutionConfigurationPlatforms) = preSolution
		Debug|Any CPU = Debug|Any CPU
		Release|Any CPU = Release|Any CPU
	EndGlobalSection
	GlobalSection(ProjectConfigurationPlatforms) = postSolution
		{88FC03D4-F496-4E4B-9E1D-6F18B62DC58E}.Debug|Any CPU.ActiveCfg = Debug|Any CPU
		{88FC03D4-F496-4E4B-9E1D-6F18B62DC58E}.Debug|Any CPU.Build.0 = Debug|Any CPU
		{88FC03D4-F496-4E4B-9E1D-6F18B62DC58E}.Release|Any CPU.ActiveCfg = Release|Any CPU
		{88FC03D4-F496-4E4B-9E1D-6F18B62DC58E}.Release|Any CPU.Build.0 = Release|Any CPU
	EndGlobalSection
	GlobalSection(SolutionProperties) = preSolution
		HideSolutionNode = FALSE
	EndGlobalSection
	GlobalSection(ExtensibilityGlobals) = postSolution
		SolutionGuid = {F7326884-4BAD-4CA8-9446-A115B646F616}
	EndGlobalSection
EndGlobal
