
Microsoft Visual Studio Solution File, Format Version 12.00
# Visual Studio Version 16
VisualStudioVersion = 16.0.29911.84
MinimumVisualStudioVersion = 10.0.40219.1
Project("{FAE04EC0-301F-11D3-BF4B-00C04F79EFBC}") = "Teste_Selecao_1", "Teste_Selecao_1.csproj", "{FFE5A729-BD87-4045-A9CB-BA020348DC18}"
EndProject
Project("{2150E333-8FDC-42A3-9474-1A3956D46DE8}") = "Teste de Seleção 1", "Teste de Seleção 1", "{32B5ABCA-F89F-4DDD-BB00-F47D69909C6A}"
EndProject
Project("{FAE04EC0-301F-11D3-BF4B-00C04F79EFBC}") = "Lanche", "..\Lanche\Lanche.csproj", "{0E2E0EE0-EBC8-4859-954F-0789B297F072}"
EndProject
Project("{2150E333-8FDC-42A3-9474-1A3956D46DE8}") = "Lancheeee", "Lancheeee", "{75901708-2892-41DD-A4B6-6D20631A1FBE}"
EndProject
Project("{FAE04EC0-301F-11D3-BF4B-00C04F79EFBC}") = "Multiplos", "..\Multiplos\Multiplos.csproj", "{7AF80C9A-1A31-4043-9B81-F706321A7758}"
EndProject
Project("{2150E333-8FDC-42A3-9474-1A3956D46DE8}") = "Múltiplos", "Múltiplos", "{20CDFE84-6D8C-446A-89AC-C79BC9D59C3A}"
EndProject
Project("{FAE04EC0-301F-11D3-BF4B-00C04F79EFBC}") = "Hora_Jogo", "..\Hora_Jogo\Hora_Jogo.csproj", "{FCF4D802-3150-4964-9CDB-A8E92BD0E7D4}"
EndProject
Project("{2150E333-8FDC-42A3-9474-1A3956D46DE8}") = "Hora do Jogo", "Hora do Jogo", "{C3483E38-720C-4E88-ADE9-91236FB43EDC}"
EndProject
Project("{FAE04EC0-301F-11D3-BF4B-00C04F79EFBC}") = "Aumento_Salario", "..\Aumento_Salario\Aumento_Salario.csproj", "{87068818-C90B-4D1E-8F1E-7B1C7E1A0B9A}"
EndProject
Project("{2150E333-8FDC-42A3-9474-1A3956D46DE8}") = "Aumento de Salário", "Aumento de Salário", "{512607C4-C0F7-4651-A8FF-76552481518B}"
EndProject
Project("{FAE04EC0-301F-11D3-BF4B-00C04F79EFBC}") = "Intervalo", "..\Intervalo\Intervalo.csproj", "{AEC5CC64-CADE-4005-B4E2-27D28BA1C080}"
EndProject
Project("{2150E333-8FDC-42A3-9474-1A3956D46DE8}") = "Intervalooo", "Intervalooo", "{B3612FD7-DFF6-4D89-B986-188DED4C9C31}"
EndProject
Project("{FAE04EC0-301F-11D3-BF4B-00C04F79EFBC}") = "Razoavel_3", "..\Razoavel_3\Razoavel_3.csproj", "{941754D6-8008-47D8-AA71-B91702B067CF}"
EndProject
Project("{2150E333-8FDC-42A3-9474-1A3956D46DE8}") = "Razoável 3", "Razoável 3", "{E77E5832-64D3-46F6-9A65-D310EC35583C}"
EndProject
Project("{FAE04EC0-301F-11D3-BF4B-00C04F79EFBC}") = "Coordenadas_ponto", "..\Coordenadas_ponto\Coordenadas_ponto.csproj", "{C83E130C-59BE-4D39-8D15-32CC2268BB47}"
EndProject
Project("{2150E333-8FDC-42A3-9474-1A3956D46DE8}") = "Coordenadas de um ponto", "Coordenadas de um ponto", "{F50247D8-2AE4-44C1-AB66-B14DB0A3F2C1}"
EndProject
Project("{FAE04EC0-301F-11D3-BF4B-00C04F79EFBC}") = "Tipos_Triangulo", "..\Tipos_Triangulo\Tipos_Triangulo.csproj", "{D69D3E0D-DC66-4C0E-A58D-5CD8EF0DB095}"
EndProject
Project("{2150E333-8FDC-42A3-9474-1A3956D46DE8}") = "Tipos de Triângulo", "Tipos de Triângulo", "{BB592B2D-C5B1-4C9E-A70C-B5C2396B00EC}"
EndProject
Project("{2150E333-8FDC-42A3-9474-1A3956D46DE8}") = "Tempo do jogo com minutos", "Tempo do jogo com minutos", "{B9BE7C3C-DBE8-4905-93A1-0591D5B4EDF3}"
EndProject
Project("{FAE04EC0-301F-11D3-BF4B-00C04F79EFBC}") = "Jogo_com_Minutos", "..\Jogo_com_Minutos\Jogo_com_Minutos.csproj", "{1AFAD754-6E60-4ED6-897D-97B68D0FFAA3}"
EndProject
Project("{FAE04EC0-301F-11D3-BF4B-00C04F79EFBC}") = "Animal", "..\Animal\Animal.csproj", "{07D5494D-8D78-431F-AB94-074871D55AE3}"
EndProject
Project("{2150E333-8FDC-42A3-9474-1A3956D46DE8}") = "Animall", "Animall", "{5C3A69F7-C772-4258-BAE2-05901EB5AD31}"
EndProject
Project("{FAE04EC0-301F-11D3-BF4B-00C04F79EFBC}") = "Impostos", "..\Impostos\Impostos.csproj", "{7C7B7F13-D155-4654-ADE1-85FD85B57912}"
EndProject
Project("{2150E333-8FDC-42A3-9474-1A3956D46DE8}") = "Imposto", "Imposto", "{D2A1B7FC-88F7-453B-BE39-4D7BBC4A4AE0}"
EndProject
Global
	GlobalSection(SolutionConfigurationPlatforms) = preSolution
		Debug|Any CPU = Debug|Any CPU
		Release|Any CPU = Release|Any CPU
	EndGlobalSection
	GlobalSection(ProjectConfigurationPlatforms) = postSolution
		{FFE5A729-BD87-4045-A9CB-BA020348DC18}.Debug|Any CPU.ActiveCfg = Debug|Any CPU
		{FFE5A729-BD87-4045-A9CB-BA020348DC18}.Debug|Any CPU.Build.0 = Debug|Any CPU
		{FFE5A729-BD87-4045-A9CB-BA020348DC18}.Release|Any CPU.ActiveCfg = Release|Any CPU
		{FFE5A729-BD87-4045-A9CB-BA020348DC18}.Release|Any CPU.Build.0 = Release|Any CPU
		{0E2E0EE0-EBC8-4859-954F-0789B297F072}.Debug|Any CPU.ActiveCfg = Debug|Any CPU
		{0E2E0EE0-EBC8-4859-954F-0789B297F072}.Debug|Any CPU.Build.0 = Debug|Any CPU
		{0E2E0EE0-EBC8-4859-954F-0789B297F072}.Release|Any CPU.ActiveCfg = Release|Any CPU
		{0E2E0EE0-EBC8-4859-954F-0789B297F072}.Release|Any CPU.Build.0 = Release|Any CPU
		{7AF80C9A-1A31-4043-9B81-F706321A7758}.Debug|Any CPU.ActiveCfg = Debug|Any CPU
		{7AF80C9A-1A31-4043-9B81-F706321A7758}.Debug|Any CPU.Build.0 = Debug|Any CPU
		{7AF80C9A-1A31-4043-9B81-F706321A7758}.Release|Any CPU.ActiveCfg = Release|Any CPU
		{7AF80C9A-1A31-4043-9B81-F706321A7758}.Release|Any CPU.Build.0 = Release|Any CPU
		{FCF4D802-3150-4964-9CDB-A8E92BD0E7D4}.Debug|Any CPU.ActiveCfg = Debug|Any CPU
		{FCF4D802-3150-4964-9CDB-A8E92BD0E7D4}.Debug|Any CPU.Build.0 = Debug|Any CPU
		{FCF4D802-3150-4964-9CDB-A8E92BD0E7D4}.Release|Any CPU.ActiveCfg = Release|Any CPU
		{FCF4D802-3150-4964-9CDB-A8E92BD0E7D4}.Release|Any CPU.Build.0 = Release|Any CPU
		{87068818-C90B-4D1E-8F1E-7B1C7E1A0B9A}.Debug|Any CPU.ActiveCfg = Debug|Any CPU
		{87068818-C90B-4D1E-8F1E-7B1C7E1A0B9A}.Debug|Any CPU.Build.0 = Debug|Any CPU
		{87068818-C90B-4D1E-8F1E-7B1C7E1A0B9A}.Release|Any CPU.ActiveCfg = Release|Any CPU
		{87068818-C90B-4D1E-8F1E-7B1C7E1A0B9A}.Release|Any CPU.Build.0 = Release|Any CPU
		{AEC5CC64-CADE-4005-B4E2-27D28BA1C080}.Debug|Any CPU.ActiveCfg = Debug|Any CPU
		{AEC5CC64-CADE-4005-B4E2-27D28BA1C080}.Debug|Any CPU.Build.0 = Debug|Any CPU
		{AEC5CC64-CADE-4005-B4E2-27D28BA1C080}.Release|Any CPU.ActiveCfg = Release|Any CPU
		{AEC5CC64-CADE-4005-B4E2-27D28BA1C080}.Release|Any CPU.Build.0 = Release|Any CPU
		{941754D6-8008-47D8-AA71-B91702B067CF}.Debug|Any CPU.ActiveCfg = Debug|Any CPU
		{941754D6-8008-47D8-AA71-B91702B067CF}.Debug|Any CPU.Build.0 = Debug|Any CPU
		{941754D6-8008-47D8-AA71-B91702B067CF}.Release|Any CPU.ActiveCfg = Release|Any CPU
		{941754D6-8008-47D8-AA71-B91702B067CF}.Release|Any CPU.Build.0 = Release|Any CPU
		{C83E130C-59BE-4D39-8D15-32CC2268BB47}.Debug|Any CPU.ActiveCfg = Debug|Any CPU
		{C83E130C-59BE-4D39-8D15-32CC2268BB47}.Debug|Any CPU.Build.0 = Debug|Any CPU
		{C83E130C-59BE-4D39-8D15-32CC2268BB47}.Release|Any CPU.ActiveCfg = Release|Any CPU
		{C83E130C-59BE-4D39-8D15-32CC2268BB47}.Release|Any CPU.Build.0 = Release|Any CPU
		{D69D3E0D-DC66-4C0E-A58D-5CD8EF0DB095}.Debug|Any CPU.ActiveCfg = Debug|Any CPU
		{D69D3E0D-DC66-4C0E-A58D-5CD8EF0DB095}.Debug|Any CPU.Build.0 = Debug|Any CPU
		{D69D3E0D-DC66-4C0E-A58D-5CD8EF0DB095}.Release|Any CPU.ActiveCfg = Release|Any CPU
		{D69D3E0D-DC66-4C0E-A58D-5CD8EF0DB095}.Release|Any CPU.Build.0 = Release|Any CPU
		{1AFAD754-6E60-4ED6-897D-97B68D0FFAA3}.Debug|Any CPU.ActiveCfg = Debug|Any CPU
		{1AFAD754-6E60-4ED6-897D-97B68D0FFAA3}.Debug|Any CPU.Build.0 = Debug|Any CPU
		{1AFAD754-6E60-4ED6-897D-97B68D0FFAA3}.Release|Any CPU.ActiveCfg = Release|Any CPU
		{1AFAD754-6E60-4ED6-897D-97B68D0FFAA3}.Release|Any CPU.Build.0 = Release|Any CPU
		{07D5494D-8D78-431F-AB94-074871D55AE3}.Debug|Any CPU.ActiveCfg = Debug|Any CPU
		{07D5494D-8D78-431F-AB94-074871D55AE3}.Debug|Any CPU.Build.0 = Debug|Any CPU
		{07D5494D-8D78-431F-AB94-074871D55AE3}.Release|Any CPU.ActiveCfg = Release|Any CPU
		{07D5494D-8D78-431F-AB94-074871D55AE3}.Release|Any CPU.Build.0 = Release|Any CPU
		{7C7B7F13-D155-4654-ADE1-85FD85B57912}.Debug|Any CPU.ActiveCfg = Debug|Any CPU
		{7C7B7F13-D155-4654-ADE1-85FD85B57912}.Debug|Any CPU.Build.0 = Debug|Any CPU
		{7C7B7F13-D155-4654-ADE1-85FD85B57912}.Release|Any CPU.ActiveCfg = Release|Any CPU
		{7C7B7F13-D155-4654-ADE1-85FD85B57912}.Release|Any CPU.Build.0 = Release|Any CPU
	EndGlobalSection
	GlobalSection(SolutionProperties) = preSolution
		HideSolutionNode = FALSE
	EndGlobalSection
	GlobalSection(NestedProjects) = preSolution
		{FFE5A729-BD87-4045-A9CB-BA020348DC18} = {32B5ABCA-F89F-4DDD-BB00-F47D69909C6A}
		{0E2E0EE0-EBC8-4859-954F-0789B297F072} = {75901708-2892-41DD-A4B6-6D20631A1FBE}
		{7AF80C9A-1A31-4043-9B81-F706321A7758} = {20CDFE84-6D8C-446A-89AC-C79BC9D59C3A}
		{FCF4D802-3150-4964-9CDB-A8E92BD0E7D4} = {C3483E38-720C-4E88-ADE9-91236FB43EDC}
		{87068818-C90B-4D1E-8F1E-7B1C7E1A0B9A} = {512607C4-C0F7-4651-A8FF-76552481518B}
		{AEC5CC64-CADE-4005-B4E2-27D28BA1C080} = {B3612FD7-DFF6-4D89-B986-188DED4C9C31}
		{941754D6-8008-47D8-AA71-B91702B067CF} = {E77E5832-64D3-46F6-9A65-D310EC35583C}
		{C83E130C-59BE-4D39-8D15-32CC2268BB47} = {F50247D8-2AE4-44C1-AB66-B14DB0A3F2C1}
		{D69D3E0D-DC66-4C0E-A58D-5CD8EF0DB095} = {BB592B2D-C5B1-4C9E-A70C-B5C2396B00EC}
		{1AFAD754-6E60-4ED6-897D-97B68D0FFAA3} = {B9BE7C3C-DBE8-4905-93A1-0591D5B4EDF3}
		{07D5494D-8D78-431F-AB94-074871D55AE3} = {5C3A69F7-C772-4258-BAE2-05901EB5AD31}
		{7C7B7F13-D155-4654-ADE1-85FD85B57912} = {D2A1B7FC-88F7-453B-BE39-4D7BBC4A4AE0}
	EndGlobalSection
	GlobalSection(ExtensibilityGlobals) = postSolution
		SolutionGuid = {FFC74354-F037-4FED-B27E-46C8C9F26B01}
	EndGlobalSection
EndGlobal
