
Microsoft Visual Studio Solution File, Format Version 12.00
# Visual Studio Version 16
VisualStudioVersion = 16.0.30002.166
MinimumVisualStudioVersion = 10.0.40219.1
Project("{FAE04EC0-301F-11D3-BF4B-00C04F79EFBC}") = "Exercicios_Propostos", "Exercicios_Propostos\Exercicios_Propostos.csproj", "{B416D597-35D6-4D6D-97AD-9CB34A4CC112}"
EndProject
Project("{2150E333-8FDC-42A3-9474-1A3956D46DE8}") = "Exercício 1", "Exercício 1", "{C42D808D-F776-4FED-A0CC-80563A350D7D}"
EndProject
Project("{FAE04EC0-301F-11D3-BF4B-00C04F79EFBC}") = "Exercicio_2", "Exercicio_2\Exercicio_2.csproj", "{D5B81162-6779-4833-BBFA-36E4CE9779E4}"
EndProject
Project("{2150E333-8FDC-42A3-9474-1A3956D46DE8}") = "Exercício 2", "Exercício 2", "{48D11A4D-4553-4F56-BC94-0277C85A9B5D}"
EndProject
Project("{FAE04EC0-301F-11D3-BF4B-00C04F79EFBC}") = "Exercício_3", "Exercício_3\Exercício_3.csproj", "{CEAC4350-FE44-4DE4-B0D0-6EFF6EBC55E1}"
EndProject
Project("{2150E333-8FDC-42A3-9474-1A3956D46DE8}") = "Exercício 3", "Exercício 3", "{5499B75D-A817-40CC-9A00-930770A3B0D8}"
EndProject
Project("{FAE04EC0-301F-11D3-BF4B-00C04F79EFBC}") = "Exercicio_4", "Exercicio_4\Exercicio_4.csproj", "{FA15B90D-5AFE-482E-AAB5-47E978ED3648}"
EndProject
Project("{2150E333-8FDC-42A3-9474-1A3956D46DE8}") = "Exercício 4", "Exercício 4", "{33BAC3E6-F62A-4C4E-A99E-31A339E1A8C9}"
EndProject
Project("{FAE04EC0-301F-11D3-BF4B-00C04F79EFBC}") = "Exercicio_5", "Exercicio_5\Exercicio_5.csproj", "{0B0FD22F-33E8-4C81-9328-B84C864FB97A}"
EndProject
Project("{2150E333-8FDC-42A3-9474-1A3956D46DE8}") = "Exercício 5", "Exercício 5", "{A931BB0A-CF17-498B-8C14-A4FCE89F81CE}"
EndProject
Project("{FAE04EC0-301F-11D3-BF4B-00C04F79EFBC}") = "Exercicio_6", "Exercicio_6\Exercicio_6.csproj", "{08EB97FC-78BE-4DFA-96AC-1E1D03E1E354}"
EndProject
Project("{2150E333-8FDC-42A3-9474-1A3956D46DE8}") = "Exercício 6", "Exercício 6", "{51867289-D85D-46F3-B6E8-2CA99EE72519}"
EndProject
Project("{FAE04EC0-301F-11D3-BF4B-00C04F79EFBC}") = "Exercicio_7", "Exercicio_7\Exercicio_7.csproj", "{E6D379F5-EDF1-4E84-8943-79CFD1B82A26}"
EndProject
Project("{2150E333-8FDC-42A3-9474-1A3956D46DE8}") = "Exercício 7", "Exercício 7", "{F839DD8C-A8EC-484D-8183-BB8CB51E9C03}"
EndProject
Project("{FAE04EC0-301F-11D3-BF4B-00C04F79EFBC}") = "Exercicio_8", "Exercicio_8\Exercicio_8.csproj", "{194627E0-19A6-44DA-9B72-67F777BE9285}"
EndProject
Project("{2150E333-8FDC-42A3-9474-1A3956D46DE8}") = "Exercício 8", "Exercício 8", "{BC2A2D5B-FD99-42B6-B4B1-7BE0AA4AA7FB}"
EndProject
Project("{FAE04EC0-301F-11D3-BF4B-00C04F79EFBC}") = "Exercício_9", "Exercício_9\Exercício_9.csproj", "{7C4505F0-E317-474A-BDB1-AFBB88EC0420}"
EndProject
Project("{2150E333-8FDC-42A3-9474-1A3956D46DE8}") = "Exercício 9", "Exercício 9", "{477F2A42-606C-49FE-A33A-42D5A03B3D7C}"
EndProject
Global
	GlobalSection(SolutionConfigurationPlatforms) = preSolution
		Debug|Any CPU = Debug|Any CPU
		Release|Any CPU = Release|Any CPU
	EndGlobalSection
	GlobalSection(ProjectConfigurationPlatforms) = postSolution
		{B416D597-35D6-4D6D-97AD-9CB34A4CC112}.Debug|Any CPU.ActiveCfg = Debug|Any CPU
		{B416D597-35D6-4D6D-97AD-9CB34A4CC112}.Debug|Any CPU.Build.0 = Debug|Any CPU
		{B416D597-35D6-4D6D-97AD-9CB34A4CC112}.Release|Any CPU.ActiveCfg = Release|Any CPU
		{B416D597-35D6-4D6D-97AD-9CB34A4CC112}.Release|Any CPU.Build.0 = Release|Any CPU
		{D5B81162-6779-4833-BBFA-36E4CE9779E4}.Debug|Any CPU.ActiveCfg = Debug|Any CPU
		{D5B81162-6779-4833-BBFA-36E4CE9779E4}.Debug|Any CPU.Build.0 = Debug|Any CPU
		{D5B81162-6779-4833-BBFA-36E4CE9779E4}.Release|Any CPU.ActiveCfg = Release|Any CPU
		{D5B81162-6779-4833-BBFA-36E4CE9779E4}.Release|Any CPU.Build.0 = Release|Any CPU
		{CEAC4350-FE44-4DE4-B0D0-6EFF6EBC55E1}.Debug|Any CPU.ActiveCfg = Debug|Any CPU
		{CEAC4350-FE44-4DE4-B0D0-6EFF6EBC55E1}.Debug|Any CPU.Build.0 = Debug|Any CPU
		{CEAC4350-FE44-4DE4-B0D0-6EFF6EBC55E1}.Release|Any CPU.ActiveCfg = Release|Any CPU
		{CEAC4350-FE44-4DE4-B0D0-6EFF6EBC55E1}.Release|Any CPU.Build.0 = Release|Any CPU
		{FA15B90D-5AFE-482E-AAB5-47E978ED3648}.Debug|Any CPU.ActiveCfg = Debug|Any CPU
		{FA15B90D-5AFE-482E-AAB5-47E978ED3648}.Debug|Any CPU.Build.0 = Debug|Any CPU
		{FA15B90D-5AFE-482E-AAB5-47E978ED3648}.Release|Any CPU.ActiveCfg = Release|Any CPU
		{FA15B90D-5AFE-482E-AAB5-47E978ED3648}.Release|Any CPU.Build.0 = Release|Any CPU
		{0B0FD22F-33E8-4C81-9328-B84C864FB97A}.Debug|Any CPU.ActiveCfg = Debug|Any CPU
		{0B0FD22F-33E8-4C81-9328-B84C864FB97A}.Debug|Any CPU.Build.0 = Debug|Any CPU
		{0B0FD22F-33E8-4C81-9328-B84C864FB97A}.Release|Any CPU.ActiveCfg = Release|Any CPU
		{0B0FD22F-33E8-4C81-9328-B84C864FB97A}.Release|Any CPU.Build.0 = Release|Any CPU
		{08EB97FC-78BE-4DFA-96AC-1E1D03E1E354}.Debug|Any CPU.ActiveCfg = Debug|Any CPU
		{08EB97FC-78BE-4DFA-96AC-1E1D03E1E354}.Debug|Any CPU.Build.0 = Debug|Any CPU
		{08EB97FC-78BE-4DFA-96AC-1E1D03E1E354}.Release|Any CPU.ActiveCfg = Release|Any CPU
		{08EB97FC-78BE-4DFA-96AC-1E1D03E1E354}.Release|Any CPU.Build.0 = Release|Any CPU
		{E6D379F5-EDF1-4E84-8943-79CFD1B82A26}.Debug|Any CPU.ActiveCfg = Debug|Any CPU
		{E6D379F5-EDF1-4E84-8943-79CFD1B82A26}.Debug|Any CPU.Build.0 = Debug|Any CPU
		{E6D379F5-EDF1-4E84-8943-79CFD1B82A26}.Release|Any CPU.ActiveCfg = Release|Any CPU
		{E6D379F5-EDF1-4E84-8943-79CFD1B82A26}.Release|Any CPU.Build.0 = Release|Any CPU
		{194627E0-19A6-44DA-9B72-67F777BE9285}.Debug|Any CPU.ActiveCfg = Debug|Any CPU
		{194627E0-19A6-44DA-9B72-67F777BE9285}.Debug|Any CPU.Build.0 = Debug|Any CPU
		{194627E0-19A6-44DA-9B72-67F777BE9285}.Release|Any CPU.ActiveCfg = Release|Any CPU
		{194627E0-19A6-44DA-9B72-67F777BE9285}.Release|Any CPU.Build.0 = Release|Any CPU
		{7C4505F0-E317-474A-BDB1-AFBB88EC0420}.Debug|Any CPU.ActiveCfg = Debug|Any CPU
		{7C4505F0-E317-474A-BDB1-AFBB88EC0420}.Debug|Any CPU.Build.0 = Debug|Any CPU
		{7C4505F0-E317-474A-BDB1-AFBB88EC0420}.Release|Any CPU.ActiveCfg = Release|Any CPU
		{7C4505F0-E317-474A-BDB1-AFBB88EC0420}.Release|Any CPU.Build.0 = Release|Any CPU
	EndGlobalSection
	GlobalSection(SolutionProperties) = preSolution
		HideSolutionNode = FALSE
	EndGlobalSection
	GlobalSection(NestedProjects) = preSolution
		{B416D597-35D6-4D6D-97AD-9CB34A4CC112} = {C42D808D-F776-4FED-A0CC-80563A350D7D}
		{D5B81162-6779-4833-BBFA-36E4CE9779E4} = {48D11A4D-4553-4F56-BC94-0277C85A9B5D}
		{CEAC4350-FE44-4DE4-B0D0-6EFF6EBC55E1} = {5499B75D-A817-40CC-9A00-930770A3B0D8}
		{FA15B90D-5AFE-482E-AAB5-47E978ED3648} = {33BAC3E6-F62A-4C4E-A99E-31A339E1A8C9}
		{0B0FD22F-33E8-4C81-9328-B84C864FB97A} = {A931BB0A-CF17-498B-8C14-A4FCE89F81CE}
		{08EB97FC-78BE-4DFA-96AC-1E1D03E1E354} = {51867289-D85D-46F3-B6E8-2CA99EE72519}
		{E6D379F5-EDF1-4E84-8943-79CFD1B82A26} = {F839DD8C-A8EC-484D-8183-BB8CB51E9C03}
		{194627E0-19A6-44DA-9B72-67F777BE9285} = {BC2A2D5B-FD99-42B6-B4B1-7BE0AA4AA7FB}
		{7C4505F0-E317-474A-BDB1-AFBB88EC0420} = {477F2A42-606C-49FE-A33A-42D5A03B3D7C}
	EndGlobalSection
	GlobalSection(ExtensibilityGlobals) = postSolution
		SolutionGuid = {1DC4A6CA-9FF5-460E-8151-882D18872745}
	EndGlobalSection
EndGlobal
